
Microsoft Visual Studio Solution File, Format Version 12.00
# Visual Studio Version 17
VisualStudioVersion = 17.5.33414.496
MinimumVisualStudioVersion = 10.0.40219.1
Project("{FAE04EC0-301F-11D3-BF4B-00C04F79EFBC}") = "Generics", "Generics\Generics.csproj", "{0965CF31-2195-4F7F-9610-CE8FC9F80BCE}"
EndProject
Global
	GlobalSection(SolutionConfigurationPlatforms) = preSolution
		Debug|Any CPU = Debug|Any CPU
		Release|Any CPU = Release|Any CPU
	EndGlobalSection
	GlobalSection(ProjectConfigurationPlatforms) = postSolution
		{0965CF31-2195-4F7F-9610-CE8FC9F80BCE}.Debug|Any CPU.ActiveCfg = Debug|Any CPU
		{0965CF31-2195-4F7F-9610-CE8FC9F80BCE}.Debug|Any CPU.Build.0 = Debug|Any CPU
		{0965CF31-2195-4F7F-9610-CE8FC9F80BCE}.Release|Any CPU.ActiveCfg = Release|Any CPU
		{0965CF31-2195-4F7F-9610-CE8FC9F80BCE}.Release|Any CPU.Build.0 = Release|Any CPU
	EndGlobalSection
	GlobalSection(SolutionProperties) = preSolution
		HideSolutionNode = FALSE
	EndGlobalSection
	GlobalSection(ExtensibilityGlobals) = postSolution
		SolutionGuid = {544480A8-8353-42A9-9E0F-4DBC81151D55}
	EndGlobalSection
EndGlobal
